
Microsoft Visual Studio Solution File, Format Version 12.00
# Visual Studio 15
VisualStudioVersion = 15.0.28307.421
MinimumVisualStudioVersion = 10.0.40219.1
Project("{FAE04EC0-301F-11D3-BF4B-00C04F79EFBC}") = "Apteka.Module", "Apteka.Module\Apteka.Module.csproj", "{5F15837D-D1E5-44DC-92F0-4F2EBE9C3F8D}"
EndProject
Project("{FAE04EC0-301F-11D3-BF4B-00C04F79EFBC}") = "Apteka.Module.Web", "Apteka.Module.Web\Apteka.Module.Web.csproj", "{0C729AAD-7626-4668-A7F1-35F7D240489D}"
EndProject
Project("{FAE04EC0-301F-11D3-BF4B-00C04F79EFBC}") = "Apteka.Web", "Apteka.Web\Apteka.Web.csproj", "{82A6DBC9-B1B4-44E4-9718-55DF930CD349}"
EndProject
Project("{FAE04EC0-301F-11D3-BF4B-00C04F79EFBC}") = "Apteka.Module.Win", "Apteka.Module.Win\Apteka.Module.Win.csproj", "{7964F87D-BC5D-4C4E-8B2F-71E89739AA97}"
EndProject
Project("{FAE04EC0-301F-11D3-BF4B-00C04F79EFBC}") = "Apteka.Win", "Apteka.Win\Apteka.Win.csproj", "{D05D93DF-312D-4D4E-B980-726871EC7833}"
EndProject
Project("{9A19103F-16F7-4668-BE54-9A1E7A4F7556}") = "InvoiceXmlTest", "InvoiceXmlTest\InvoiceXmlTest.csproj", "{91CBCE4D-267D-4875-B1F9-A4718894B99E}"
EndProject
Project("{9A19103F-16F7-4668-BE54-9A1E7A4F7556}") = "Apteka.Model", "Apteka.Model\Apteka.Model.csproj", "{ACE95346-CC88-4E83-BE41-1107CD823C54}"
EndProject
Project("{FAE04EC0-301F-11D3-BF4B-00C04F79EFBC}") = "Apteka.Api", "Apteka.Api\Apteka.Api.csproj", "{C95B2119-976C-4546-A983-5EEA03967CFA}"
EndProject
Global
	GlobalSection(SolutionConfigurationPlatforms) = preSolution
		Debug|Any CPU = Debug|Any CPU
		EasyTest|Any CPU = EasyTest|Any CPU
		Release|Any CPU = Release|Any CPU
	EndGlobalSection
	GlobalSection(ProjectConfigurationPlatforms) = postSolution
		{5F15837D-D1E5-44DC-92F0-4F2EBE9C3F8D}.Debug|Any CPU.ActiveCfg = Debug|Any CPU
		{5F15837D-D1E5-44DC-92F0-4F2EBE9C3F8D}.Debug|Any CPU.Build.0 = Debug|Any CPU
		{5F15837D-D1E5-44DC-92F0-4F2EBE9C3F8D}.EasyTest|Any CPU.ActiveCfg = EasyTest|Any CPU
		{5F15837D-D1E5-44DC-92F0-4F2EBE9C3F8D}.EasyTest|Any CPU.Build.0 = EasyTest|Any CPU
		{5F15837D-D1E5-44DC-92F0-4F2EBE9C3F8D}.Release|Any CPU.ActiveCfg = Release|Any CPU
		{5F15837D-D1E5-44DC-92F0-4F2EBE9C3F8D}.Release|Any CPU.Build.0 = Release|Any CPU
		{0C729AAD-7626-4668-A7F1-35F7D240489D}.Debug|Any CPU.ActiveCfg = Debug|Any CPU
		{0C729AAD-7626-4668-A7F1-35F7D240489D}.Debug|Any CPU.Build.0 = Debug|Any CPU
		{0C729AAD-7626-4668-A7F1-35F7D240489D}.EasyTest|Any CPU.ActiveCfg = EasyTest|Any CPU
		{0C729AAD-7626-4668-A7F1-35F7D240489D}.EasyTest|Any CPU.Build.0 = EasyTest|Any CPU
		{0C729AAD-7626-4668-A7F1-35F7D240489D}.Release|Any CPU.ActiveCfg = Release|Any CPU
		{0C729AAD-7626-4668-A7F1-35F7D240489D}.Release|Any CPU.Build.0 = Release|Any CPU
		{82A6DBC9-B1B4-44E4-9718-55DF930CD349}.Debug|Any CPU.ActiveCfg = Debug|Any CPU
		{82A6DBC9-B1B4-44E4-9718-55DF930CD349}.Debug|Any CPU.Build.0 = Debug|Any CPU
		{82A6DBC9-B1B4-44E4-9718-55DF930CD349}.EasyTest|Any CPU.ActiveCfg = EasyTest|Any CPU
		{82A6DBC9-B1B4-44E4-9718-55DF930CD349}.EasyTest|Any CPU.Build.0 = EasyTest|Any CPU
		{82A6DBC9-B1B4-44E4-9718-55DF930CD349}.Release|Any CPU.ActiveCfg = Release|Any CPU
		{82A6DBC9-B1B4-44E4-9718-55DF930CD349}.Release|Any CPU.Build.0 = Release|Any CPU
		{7964F87D-BC5D-4C4E-8B2F-71E89739AA97}.Debug|Any CPU.ActiveCfg = Debug|Any CPU
		{7964F87D-BC5D-4C4E-8B2F-71E89739AA97}.Debug|Any CPU.Build.0 = Debug|Any CPU
		{7964F87D-BC5D-4C4E-8B2F-71E89739AA97}.EasyTest|Any CPU.ActiveCfg = EasyTest|Any CPU
		{7964F87D-BC5D-4C4E-8B2F-71E89739AA97}.EasyTest|Any CPU.Build.0 = EasyTest|Any CPU
		{7964F87D-BC5D-4C4E-8B2F-71E89739AA97}.Release|Any CPU.ActiveCfg = Release|Any CPU
		{7964F87D-BC5D-4C4E-8B2F-71E89739AA97}.Release|Any CPU.Build.0 = Release|Any CPU
		{D05D93DF-312D-4D4E-B980-726871EC7833}.Debug|Any CPU.ActiveCfg = Debug|Any CPU
		{D05D93DF-312D-4D4E-B980-726871EC7833}.Debug|Any CPU.Build.0 = Debug|Any CPU
		{D05D93DF-312D-4D4E-B980-726871EC7833}.EasyTest|Any CPU.ActiveCfg = EasyTest|Any CPU
		{D05D93DF-312D-4D4E-B980-726871EC7833}.EasyTest|Any CPU.Build.0 = EasyTest|Any CPU
		{D05D93DF-312D-4D4E-B980-726871EC7833}.Release|Any CPU.ActiveCfg = Release|Any CPU
		{D05D93DF-312D-4D4E-B980-726871EC7833}.Release|Any CPU.Build.0 = Release|Any CPU
		{91CBCE4D-267D-4875-B1F9-A4718894B99E}.Debug|Any CPU.ActiveCfg = Debug|Any CPU
		{91CBCE4D-267D-4875-B1F9-A4718894B99E}.Debug|Any CPU.Build.0 = Debug|Any CPU
		{91CBCE4D-267D-4875-B1F9-A4718894B99E}.EasyTest|Any CPU.ActiveCfg = Debug|Any CPU
		{91CBCE4D-267D-4875-B1F9-A4718894B99E}.EasyTest|Any CPU.Build.0 = Debug|Any CPU
		{91CBCE4D-267D-4875-B1F9-A4718894B99E}.Release|Any CPU.ActiveCfg = Release|Any CPU
		{91CBCE4D-267D-4875-B1F9-A4718894B99E}.Release|Any CPU.Build.0 = Release|Any CPU
		{ACE95346-CC88-4E83-BE41-1107CD823C54}.Debug|Any CPU.ActiveCfg = Debug|Any CPU
		{ACE95346-CC88-4E83-BE41-1107CD823C54}.Debug|Any CPU.Build.0 = Debug|Any CPU
		{ACE95346-CC88-4E83-BE41-1107CD823C54}.EasyTest|Any CPU.ActiveCfg = Debug|Any CPU
		{ACE95346-CC88-4E83-BE41-1107CD823C54}.EasyTest|Any CPU.Build.0 = Debug|Any CPU
		{ACE95346-CC88-4E83-BE41-1107CD823C54}.Release|Any CPU.ActiveCfg = Release|Any CPU
		{ACE95346-CC88-4E83-BE41-1107CD823C54}.Release|Any CPU.Build.0 = Release|Any CPU
		{C95B2119-976C-4546-A983-5EEA03967CFA}.Debug|Any CPU.ActiveCfg = Debug|Any CPU
		{C95B2119-976C-4546-A983-5EEA03967CFA}.Debug|Any CPU.Build.0 = Debug|Any CPU
		{C95B2119-976C-4546-A983-5EEA03967CFA}.EasyTest|Any CPU.ActiveCfg = Debug|Any CPU
		{C95B2119-976C-4546-A983-5EEA03967CFA}.EasyTest|Any CPU.Build.0 = Debug|Any CPU
		{C95B2119-976C-4546-A983-5EEA03967CFA}.Release|Any CPU.ActiveCfg = Release|Any CPU
		{C95B2119-976C-4546-A983-5EEA03967CFA}.Release|Any CPU.Build.0 = Release|Any CPU
	EndGlobalSection
	GlobalSection(SolutionProperties) = preSolution
		HideSolutionNode = FALSE
	EndGlobalSection
	GlobalSection(ExtensibilityGlobals) = postSolution
		SolutionGuid = {654F6689-A732-4C2D-85A3-C124F202EA56}
	EndGlobalSection
EndGlobal
